// !$*UTF8*$!
{
	archiveVersion = 1;
	classes = {
	};
	objectVersion = 56;
	objects = {

/* Begin PBXBuildFile section */
		11011636290D8BE80079C4C4 /* Totp.swift in Sources */ = {isa = PBXBuildFile; fileRef = 11011635290D8BE80079C4C4 /* Totp.swift */; };
		1101163A290D943F0079C4C4 /* Base32.swift in Sources */ = {isa = PBXBuildFile; fileRef = 11011639290D943F0079C4C4 /* Base32.swift */; };
		11011640290DC0DA0079C4C4 /* Accounts.swift in Sources */ = {isa = PBXBuildFile; fileRef = 1101163F290DC0DA0079C4C4 /* Accounts.swift */; };
		11011642290DC78D0079C4C4 /* Cli.swift in Sources */ = {isa = PBXBuildFile; fileRef = 11011641290DC78D0079C4C4 /* Cli.swift */; };
		116FE109291024A9009B9F46 /* main.swift in Sources */ = {isa = PBXBuildFile; fileRef = 116FE108291024A9009B9F46 /* main.swift */; };
		116FE10E2910413C009B9F46 /* Base32.swift in Sources */ = {isa = PBXBuildFile; fileRef = 11011639290D943F0079C4C4 /* Base32.swift */; };
		116FE10F2910413C009B9F46 /* Accounts.swift in Sources */ = {isa = PBXBuildFile; fileRef = 1101163F290DC0DA0079C4C4 /* Accounts.swift */; };
		116FE1102910413C009B9F46 /* Cli.swift in Sources */ = {isa = PBXBuildFile; fileRef = 11011641290DC78D0079C4C4 /* Cli.swift */; };
		116FE1112910413C009B9F46 /* Totp.swift in Sources */ = {isa = PBXBuildFile; fileRef = 11011635290D8BE80079C4C4 /* Totp.swift */; };
		119DBFD9290D52D700473D52 /* App.swift in Sources */ = {isa = PBXBuildFile; fileRef = 119DBFD8290D52D700473D52 /* App.swift */; };
/* End PBXBuildFile section */

/* Begin PBXCopyFilesBuildPhase section */
		116FE104291024A9009B9F46 /* CopyFiles */ = {
			isa = PBXCopyFilesBuildPhase;
			buildActionMask = 2147483647;
			dstPath = /usr/share/man/man1/;
			dstSubfolderSpec = 0;
			files = (
			);
			runOnlyForDeploymentPostprocessing = 1;
		};
/* End PBXCopyFilesBuildPhase section */

/* Begin PBXFileReference section */
		11011635290D8BE80079C4C4 /* Totp.swift */ = {isa = PBXFileReference; lastKnownFileType = sourcecode.swift; path = Totp.swift; sourceTree = "<group>"; };
		11011639290D943F0079C4C4 /* Base32.swift */ = {isa = PBXFileReference; lastKnownFileType = sourcecode.swift; path = Base32.swift; sourceTree = "<group>"; };
		1101163F290DC0DA0079C4C4 /* Accounts.swift */ = {isa = PBXFileReference; lastKnownFileType = sourcecode.swift; path = Accounts.swift; sourceTree = "<group>"; };
		11011641290DC78D0079C4C4 /* Cli.swift */ = {isa = PBXFileReference; lastKnownFileType = sourcecode.swift; path = Cli.swift; sourceTree = "<group>"; };
		116FE106291024A9009B9F46 /* otp */ = {isa = PBXFileReference; explicitFileType = "compiled.mach-o.executable"; includeInIndex = 0; path = otp; sourceTree = BUILT_PRODUCTS_DIR; };
		116FE108291024A9009B9F46 /* main.swift */ = {isa = PBXFileReference; lastKnownFileType = sourcecode.swift; path = main.swift; sourceTree = "<group>"; };
		116FE1122910484C009B9F46 /* Makefile */ = {isa = PBXFileReference; lastKnownFileType = sourcecode.make; path = Makefile; sourceTree = "<group>"; };
		119DBFD5290D52D700473D52 /* OTP.app */ = {isa = PBXFileReference; explicitFileType = wrapper.application; includeInIndex = 0; path = OTP.app; sourceTree = BUILT_PRODUCTS_DIR; };
		119DBFD8290D52D700473D52 /* App.swift */ = {isa = PBXFileReference; lastKnownFileType = sourcecode.swift; path = App.swift; sourceTree = "<group>"; };
/* End PBXFileReference section */

/* Begin PBXFrameworksBuildPhase section */
		116FE103291024A9009B9F46 /* Frameworks */ = {
			isa = PBXFrameworksBuildPhase;
			buildActionMask = 2147483647;
			files = (
			);
			runOnlyForDeploymentPostprocessing = 0;
		};
		119DBFD2290D52D700473D52 /* Frameworks */ = {
			isa = PBXFrameworksBuildPhase;
			buildActionMask = 2147483647;
			files = (
			);
			runOnlyForDeploymentPostprocessing = 0;
		};
/* End PBXFrameworksBuildPhase section */

/* Begin PBXGroup section */
		116FE107291024A9009B9F46 /* otp */ = {
			isa = PBXGroup;
			children = (
				116FE108291024A9009B9F46 /* main.swift */,
			);
			path = otp;
			sourceTree = "<group>";
		};
		119DBFCC290D52D700473D52 = {
			isa = PBXGroup;
			children = (
				116FE1122910484C009B9F46 /* Makefile */,
				119DBFD7290D52D700473D52 /* OTP */,
				116FE107291024A9009B9F46 /* otp */,
				119DBFD6290D52D700473D52 /* Products */,
			);
			sourceTree = "<group>";
		};
		119DBFD6290D52D700473D52 /* Products */ = {
			isa = PBXGroup;
			children = (
				119DBFD5290D52D700473D52 /* OTP.app */,
				116FE106291024A9009B9F46 /* otp */,
			);
			name = Products;
			sourceTree = "<group>";
		};
		119DBFD7290D52D700473D52 /* OTP */ = {
			isa = PBXGroup;
			children = (
				119DBFD8290D52D700473D52 /* App.swift */,
				11011635290D8BE80079C4C4 /* Totp.swift */,
				1101163F290DC0DA0079C4C4 /* Accounts.swift */,
				11011639290D943F0079C4C4 /* Base32.swift */,
				11011641290DC78D0079C4C4 /* Cli.swift */,
			);
			path = OTP;
			sourceTree = "<group>";
		};
/* End PBXGroup section */

/* Begin PBXNativeTarget section */
		116FE105291024A9009B9F46 /* otp */ = {
			isa = PBXNativeTarget;
			buildConfigurationList = 116FE10A291024A9009B9F46 /* Build configuration list for PBXNativeTarget "otp" */;
			buildPhases = (
				116FE102291024A9009B9F46 /* Sources */,
				116FE103291024A9009B9F46 /* Frameworks */,
				116FE104291024A9009B9F46 /* CopyFiles */,
			);
			buildRules = (
			);
			dependencies = (
			);
			name = otp;
			productName = otp;
			productReference = 116FE106291024A9009B9F46 /* otp */;
			productType = "com.apple.product-type.tool";
		};
		119DBFD4290D52D700473D52 /* OTP */ = {
			isa = PBXNativeTarget;
			buildConfigurationList = 119DBFE4290D52D800473D52 /* Build configuration list for PBXNativeTarget "OTP" */;
			buildPhases = (
				119DBFD1290D52D700473D52 /* Sources */,
				119DBFD2290D52D700473D52 /* Frameworks */,
				119DBFD3290D52D700473D52 /* Resources */,
			);
			buildRules = (
			);
			dependencies = (
			);
			name = OTP;
			productName = OTP;
			productReference = 119DBFD5290D52D700473D52 /* OTP.app */;
			productType = "com.apple.product-type.application";
		};
/* End PBXNativeTarget section */

/* Begin PBXProject section */
		119DBFCD290D52D700473D52 /* Project object */ = {
			isa = PBXProject;
			attributes = {
				BuildIndependentTargetsInParallel = 1;
				LastSwiftUpdateCheck = 1410;
				LastUpgradeCheck = 1410;
				TargetAttributes = {
					116FE105291024A9009B9F46 = {
						CreatedOnToolsVersion = 14.1;
					};
					119DBFD4290D52D700473D52 = {
						CreatedOnToolsVersion = 14.0.1;
					};
				};
			};
			buildConfigurationList = 119DBFD0290D52D700473D52 /* Build configuration list for PBXProject "OTP" */;
			compatibilityVersion = "Xcode 14.0";
			developmentRegion = en;
			hasScannedForEncodings = 0;
			knownRegions = (
				en,
				Base,
			);
			mainGroup = 119DBFCC290D52D700473D52;
			productRefGroup = 119DBFD6290D52D700473D52 /* Products */;
			projectDirPath = "";
			projectRoot = "";
			targets = (
				119DBFD4290D52D700473D52 /* OTP */,
				116FE105291024A9009B9F46 /* otp */,
			);
		};
/* End PBXProject section */

/* Begin PBXResourcesBuildPhase section */
		119DBFD3290D52D700473D52 /* Resources */ = {
			isa = PBXResourcesBuildPhase;
			buildActionMask = 2147483647;
			files = (
			);
			runOnlyForDeploymentPostprocessing = 0;
		};
/* End PBXResourcesBuildPhase section */

/* Begin PBXSourcesBuildPhase section */
		116FE102291024A9009B9F46 /* Sources */ = {
			isa = PBXSourcesBuildPhase;
			buildActionMask = 2147483647;
			files = (
				116FE1102910413C009B9F46 /* Cli.swift in Sources */,
				116FE109291024A9009B9F46 /* main.swift in Sources */,
				116FE10E2910413C009B9F46 /* Base32.swift in Sources */,
				116FE1112910413C009B9F46 /* Totp.swift in Sources */,
				116FE10F2910413C009B9F46 /* Accounts.swift in Sources */,
			);
			runOnlyForDeploymentPostprocessing = 0;
		};
		119DBFD1290D52D700473D52 /* Sources */ = {
			isa = PBXSourcesBuildPhase;
			buildActionMask = 2147483647;
			files = (
				11011636290D8BE80079C4C4 /* Totp.swift in Sources */,
				11011642290DC78D0079C4C4 /* Cli.swift in Sources */,
				11011640290DC0DA0079C4C4 /* Accounts.swift in Sources */,
				1101163A290D943F0079C4C4 /* Base32.swift in Sources */,
				119DBFD9290D52D700473D52 /* App.swift in Sources */,
			);
			runOnlyForDeploymentPostprocessing = 0;
		};
/* End PBXSourcesBuildPhase section */

/* Begin XCBuildConfiguration section */
		116FE10B291024A9009B9F46 /* Debug */ = {
			isa = XCBuildConfiguration;
			buildSettings = {
				CODE_SIGN_STYLE = Automatic;
				MACOSX_DEPLOYMENT_TARGET = 13.0;
				PRODUCT_BUNDLE_IDENTIFIER = self.otp;
				PRODUCT_NAME = "$(TARGET_NAME)";
				SWIFT_VERSION = 5.0;
			};
			name = Debug;
		};
		116FE10C291024A9009B9F46 /* Release */ = {
			isa = XCBuildConfiguration;
			buildSettings = {
				CODE_SIGN_STYLE = Automatic;
				MACOSX_DEPLOYMENT_TARGET = 13.0;
				PRODUCT_BUNDLE_IDENTIFIER = self.otp;
				PRODUCT_NAME = "$(TARGET_NAME)";
				SWIFT_VERSION = 5.0;
			};
			name = Release;
		};
		119DBFE2290D52D800473D52 /* Debug */ = {
			isa = XCBuildConfiguration;
			buildSettings = {
				ALWAYS_SEARCH_USER_PATHS = NO;
				CLANG_ANALYZER_NONNULL = YES;
				CLANG_ANALYZER_NUMBER_OBJECT_CONVERSION = YES_AGGRESSIVE;
				CLANG_CXX_LANGUAGE_STANDARD = "gnu++20";
				CLANG_ENABLE_MODULES = YES;
				CLANG_ENABLE_OBJC_ARC = YES;
				CLANG_ENABLE_OBJC_WEAK = YES;
				CLANG_WARN_BLOCK_CAPTURE_AUTORELEASING = YES;
				CLANG_WARN_BOOL_CONVERSION = YES;
				CLANG_WARN_COMMA = YES;
				CLANG_WARN_CONSTANT_CONVERSION = YES;
				CLANG_WARN_DEPRECATED_OBJC_IMPLEMENTATIONS = YES;
				CLANG_WARN_DIRECT_OBJC_ISA_USAGE = YES_ERROR;
				CLANG_WARN_DOCUMENTATION_COMMENTS = YES;
				CLANG_WARN_EMPTY_BODY = YES;
				CLANG_WARN_ENUM_CONVERSION = YES;
				CLANG_WARN_INFINITE_RECURSION = YES;
				CLANG_WARN_INT_CONVERSION = YES;
				CLANG_WARN_NON_LITERAL_NULL_CONVERSION = YES;
				CLANG_WARN_OBJC_IMPLICIT_RETAIN_SELF = YES;
				CLANG_WARN_OBJC_LITERAL_CONVERSION = YES;
				CLANG_WARN_OBJC_ROOT_CLASS = YES_ERROR;
				CLANG_WARN_QUOTED_INCLUDE_IN_FRAMEWORK_HEADER = YES;
				CLANG_WARN_RANGE_LOOP_ANALYSIS = YES;
				CLANG_WARN_STRICT_PROTOTYPES = YES;
				CLANG_WARN_SUSPICIOUS_MOVE = YES;
				CLANG_WARN_UNGUARDED_AVAILABILITY = YES_AGGRESSIVE;
				CLANG_WARN_UNREACHABLE_CODE = YES;
				CLANG_WARN__DUPLICATE_METHOD_MATCH = YES;
				COPY_PHASE_STRIP = NO;
				DEAD_CODE_STRIPPING = YES;
				DEBUG_INFORMATION_FORMAT = dwarf;
				ENABLE_STRICT_OBJC_MSGSEND = YES;
				ENABLE_TESTABILITY = YES;
				GCC_C_LANGUAGE_STANDARD = gnu11;
				GCC_DYNAMIC_NO_PIC = NO;
				GCC_NO_COMMON_BLOCKS = YES;
				GCC_OPTIMIZATION_LEVEL = 0;
				GCC_PREPROCESSOR_DEFINITIONS = (
					"DEBUG=1",
					"$(inherited)",
				);
				GCC_WARN_64_TO_32_BIT_CONVERSION = YES;
				GCC_WARN_ABOUT_RETURN_TYPE = YES_ERROR;
				GCC_WARN_UNDECLARED_SELECTOR = YES;
				GCC_WARN_UNINITIALIZED_AUTOS = YES_AGGRESSIVE;
				GCC_WARN_UNUSED_FUNCTION = YES;
				GCC_WARN_UNUSED_VARIABLE = YES;
				MACOSX_DEPLOYMENT_TARGET = 13.0;
				MTL_ENABLE_DEBUG_INFO = INCLUDE_SOURCE;
				MTL_FAST_MATH = YES;
				ONLY_ACTIVE_ARCH = YES;
				SDKROOT = macosx;
				SWIFT_ACTIVE_COMPILATION_CONDITIONS = DEBUG;
				SWIFT_OPTIMIZATION_LEVEL = "-Onone";
				SWIFT_VERSION = 5.0;
			};
			name = Debug;
		};
		119DBFE3290D52D800473D52 /* Release */ = {
			isa = XCBuildConfiguration;
			buildSettings = {
				ALWAYS_SEARCH_USER_PATHS = NO;
				CLANG_ANALYZER_NONNULL = YES;
				CLANG_ANALYZER_NUMBER_OBJECT_CONVERSION = YES_AGGRESSIVE;
				CLANG_CXX_LANGUAGE_STANDARD = "gnu++20";
				CLANG_ENABLE_MODULES = YES;
				CLANG_ENABLE_OBJC_ARC = YES;
				CLANG_ENABLE_OBJC_WEAK = YES;
				CLANG_WARN_BLOCK_CAPTURE_AUTORELEASING = YES;
				CLANG_WARN_BOOL_CONVERSION = YES;
				CLANG_WARN_COMMA = YES;
				CLANG_WARN_CONSTANT_CONVERSION = YES;
				CLANG_WARN_DEPRECATED_OBJC_IMPLEMENTATIONS = YES;
				CLANG_WARN_DIRECT_OBJC_ISA_USAGE = YES_ERROR;
				CLANG_WARN_DOCUMENTATION_COMMENTS = YES;
				CLANG_WARN_EMPTY_BODY = YES;
				CLANG_WARN_ENUM_CONVERSION = YES;
				CLANG_WARN_INFINITE_RECURSION = YES;
				CLANG_WARN_INT_CONVERSION = YES;
				CLANG_WARN_NON_LITERAL_NULL_CONVERSION = YES;
				CLANG_WARN_OBJC_IMPLICIT_RETAIN_SELF = YES;
				CLANG_WARN_OBJC_LITERAL_CONVERSION = YES;
				CLANG_WARN_OBJC_ROOT_CLASS = YES_ERROR;
				CLANG_WARN_QUOTED_INCLUDE_IN_FRAMEWORK_HEADER = YES;
				CLANG_WARN_RANGE_LOOP_ANALYSIS = YES;
				CLANG_WARN_STRICT_PROTOTYPES = YES;
				CLANG_WARN_SUSPICIOUS_MOVE = YES;
				CLANG_WARN_UNGUARDED_AVAILABILITY = YES_AGGRESSIVE;
				CLANG_WARN_UNREACHABLE_CODE = YES;
				CLANG_WARN__DUPLICATE_METHOD_MATCH = YES;
				COPY_PHASE_STRIP = NO;
				DEAD_CODE_STRIPPING = YES;
				DEBUG_INFORMATION_FORMAT = "dwarf-with-dsym";
				ENABLE_NS_ASSERTIONS = NO;
				ENABLE_STRICT_OBJC_MSGSEND = YES;
				GCC_C_LANGUAGE_STANDARD = gnu11;
				GCC_NO_COMMON_BLOCKS = YES;
				GCC_WARN_64_TO_32_BIT_CONVERSION = YES;
				GCC_WARN_ABOUT_RETURN_TYPE = YES_ERROR;
				GCC_WARN_UNDECLARED_SELECTOR = YES;
				GCC_WARN_UNINITIALIZED_AUTOS = YES_AGGRESSIVE;
				GCC_WARN_UNUSED_FUNCTION = YES;
				GCC_WARN_UNUSED_VARIABLE = YES;
				MACOSX_DEPLOYMENT_TARGET = 13.0;
				MTL_ENABLE_DEBUG_INFO = NO;
				MTL_FAST_MATH = YES;
				SDKROOT = macosx;
				SWIFT_COMPILATION_MODE = wholemodule;
				SWIFT_OPTIMIZATION_LEVEL = "-O";
				SWIFT_VERSION = 5.0;
			};
			name = Release;
		};
		119DBFE5290D52D800473D52 /* Debug */ = {
			isa = XCBuildConfiguration;
			buildSettings = {
				ASSETCATALOG_COMPILER_APPICON_NAME = AppIcon;
				ASSETCATALOG_COMPILER_GLOBAL_ACCENT_COLOR_NAME = AccentColor;
				CODE_SIGN_IDENTITY = "-";
				"CODE_SIGN_IDENTITY[sdk=macosx*]" = "-";
				CODE_SIGN_STYLE = Automatic;
				COMBINE_HIDPI_IMAGES = YES;
				CURRENT_PROJECT_VERSION = 0;
				DEAD_CODE_STRIPPING = YES;
				DEVELOPMENT_ASSET_PATHS = "";
				ENABLE_PREVIEWS = YES;
				GENERATE_INFOPLIST_FILE = YES;
				INFOPLIST_KEY_CFBundleDisplayName = OTP;
				INFOPLIST_KEY_LSApplicationCategoryType = "public.app-category.developer-tools";
				INFOPLIST_KEY_LSUIElement = YES;
				INFOPLIST_KEY_NSHumanReadableCopyright = "";
				IPHONEOS_DEPLOYMENT_TARGET = Add;
				LD_RUNPATH_SEARCH_PATHS = (
					"$(inherited)",
					"@executable_path/../Frameworks",
				);
				MACOSX_DEPLOYMENT_TARGET = 13.0;
				MARKETING_VERSION = 1.0;
				PRODUCT_BUNDLE_IDENTIFIER = self.otp;
				PRODUCT_NAME = "$(TARGET_NAME)";
				SUPPORTED_PLATFORMS = macosx;
				SUPPORTS_MACCATALYST = NO;
				SUPPORTS_MAC_DESIGNED_FOR_IPHONE_IPAD = NO;
				SWIFT_EMIT_LOC_STRINGS = YES;
				SWIFT_VERSION = 5.0;
			};
			name = Debug;
		};
		119DBFE6290D52D800473D52 /* Release */ = {
			isa = XCBuildConfiguration;
			buildSettings = {
				ASSETCATALOG_COMPILER_APPICON_NAME = AppIcon;
				ASSETCATALOG_COMPILER_GLOBAL_ACCENT_COLOR_NAME = AccentColor;
				CODE_SIGN_IDENTITY = "-";
				"CODE_SIGN_IDENTITY[sdk=macosx*]" = "-";
				CODE_SIGN_STYLE = Automatic;
				COMBINE_HIDPI_IMAGES = YES;
				CURRENT_PROJECT_VERSION = 0;
				DEAD_CODE_STRIPPING = YES;
				DEVELOPMENT_ASSET_PATHS = "";
				ENABLE_PREVIEWS = YES;
				GENERATE_INFOPLIST_FILE = YES;
				INFOPLIST_KEY_CFBundleDisplayName = OTP;
				INFOPLIST_KEY_LSApplicationCategoryType = "public.app-category.developer-tools";
				INFOPLIST_KEY_LSUIElement = YES;
				INFOPLIST_KEY_NSHumanReadableCopyright = "";
				IPHONEOS_DEPLOYMENT_TARGET = Add;
				LD_RUNPATH_SEARCH_PATHS = (
					"$(inherited)",
					"@executable_path/../Frameworks",
				);
				MACOSX_DEPLOYMENT_TARGET = 13.0;
				MARKETING_VERSION = 1.0;
				PRODUCT_BUNDLE_IDENTIFIER = self.otp;
				PRODUCT_NAME = "$(TARGET_NAME)";
				SUPPORTED_PLATFORMS = macosx;
				SUPPORTS_MACCATALYST = NO;
				SUPPORTS_MAC_DESIGNED_FOR_IPHONE_IPAD = NO;
				SWIFT_EMIT_LOC_STRINGS = YES;
				SWIFT_VERSION = 5.0;
			};
			name = Release;
		};
/* End XCBuildConfiguration section */

/* Begin XCConfigurationList section */
		116FE10A291024A9009B9F46 /* Build configuration list for PBXNativeTarget "otp" */ = {
			isa = XCConfigurationList;
			buildConfigurations = (
				116FE10B291024A9009B9F46 /* Debug */,
				116FE10C291024A9009B9F46 /* Release */,
			);
			defaultConfigurationIsVisible = 0;
			defaultConfigurationName = Release;
		};
		119DBFD0290D52D700473D52 /* Build configuration list for PBXProject "OTP" */ = {
			isa = XCConfigurationList;
			buildConfigurations = (
				119DBFE2290D52D800473D52 /* Debug */,
				119DBFE3290D52D800473D52 /* Release */,
			);
			defaultConfigurationIsVisible = 0;
			defaultConfigurationName = Release;
		};
		119DBFE4290D52D800473D52 /* Build configuration list for PBXNativeTarget "OTP" */ = {
			isa = XCConfigurationList;
			buildConfigurations = (
				119DBFE5290D52D800473D52 /* Debug */,
				119DBFE6290D52D800473D52 /* Release */,
			);
			defaultConfigurationIsVisible = 0;
			defaultConfigurationName = Release;
		};
/* End XCConfigurationList section */
	};
	rootObject = 119DBFCD290D52D700473D52 /* Project object */;
}
